// !$*UTF8*$!
{
	archiveVersion = 1;
	classes = {
	};
	objectVersion = 50;
	objects = {

/* Begin PBXBuildFile section */
		1B0A106766B73A9C58FB5BC2 /* KitchenAPI.swift in Sources */ = {isa = PBXBuildFile; fileRef = 1B0A1EF8EE5545B9D4B94297 /* KitchenAPI.swift */; };
		1B0A10A13781BB7083E8D76B /* PurchasesTableViewController.swift in Sources */ = {isa = PBXBuildFile; fileRef = 1B0A16F5A0D27C54139FCB49 /* PurchasesTableViewController.swift */; };
		1B0A114EDCE38F60C597DB8F /* DictTableViewController.swift in Sources */ = {isa = PBXBuildFile; fileRef = 1B0A14CBC8D2C675EAE8D9BE /* DictTableViewController.swift */; };
		1B0A11FC1859E76CA04C9F15 /* UsersTableViewController.swift in Sources */ = {isa = PBXBuildFile; fileRef = 1B0A1D0EBDBE919673605384 /* UsersTableViewController.swift */; };
		1B0A1211D4ACD50DB4852EFB /* ShopTableViewController.swift in Sources */ = {isa = PBXBuildFile; fileRef = 1B0A18DE7D600E49DE8A360A /* ShopTableViewController.swift */; };
		1B0A13C916D919E7E845CA5E /* Cart.swift in Sources */ = {isa = PBXBuildFile; fileRef = 1B0A1DE9802FA34DC3BE4602 /* Cart.swift */; };
		1B0A141424DCEB49839FE56D /* JSONTranslator.swift in Sources */ = {isa = PBXBuildFile; fileRef = 1B0A1E8A6DB06EE099DD4DFC /* JSONTranslator.swift */; };
		1B0A1485F08653ED38822D5B /* Items.swift in Sources */ = {isa = PBXBuildFile; fileRef = 1B0A19B4BE572B25D59E5583 /* Items.swift */; };
		1B0A14A297815B0503A6FEDD /* CartTableViewController.swift in Sources */ = {isa = PBXBuildFile; fileRef = 1B0A16B263F94795EB627696 /* CartTableViewController.swift */; };
		1B0A15026BACF135BFF0FFD2 /* HttpConnection.swift in Sources */ = {isa = PBXBuildFile; fileRef = 1B0A16A45CE71B5C7A22742C /* HttpConnection.swift */; };
		1B0A153FFA0D2F2271CC44EB /* Users.swift in Sources */ = {isa = PBXBuildFile; fileRef = 1B0A114EE5EE18B31CAAE880 /* Users.swift */; };
		1B0A165793AA3A9B4146DE74 /* Purchases.swift in Sources */ = {isa = PBXBuildFile; fileRef = 1B0A17224E1EC7329291EE38 /* Purchases.swift */; };
		1B0A166C5F9F6781068D9490 /* User.swift in Sources */ = {isa = PBXBuildFile; fileRef = 1B0A13FE310EB13EDEEB40AC /* User.swift */; };
		1B0A1AF29BC1FBF858ACF087 /* Purchase.swift in Sources */ = {isa = PBXBuildFile; fileRef = 1B0A1887773C9AA47A552ADE /* Purchase.swift */; };
		1B0A1C45155DFA3FD46872E0 /* Item.swift in Sources */ = {isa = PBXBuildFile; fileRef = 1B0A19DC72237BCE441F393A /* Item.swift */; };
		1B0A1C894F7D07A663BCBDE1 /* Session.swift in Sources */ = {isa = PBXBuildFile; fileRef = 1B0A1C19E5BD6E5FB1FDF45D /* Session.swift */; };
		360B523C2221ECF600B842A0 /* SignupViewController.swift in Sources */ = {isa = PBXBuildFile; fileRef = 360B523B2221ECF600B842A0 /* SignupViewController.swift */; };
		363115242221A87B005DC2B5 /* AppDelegate.swift in Sources */ = {isa = PBXBuildFile; fileRef = 363115232221A87B005DC2B5 /* AppDelegate.swift */; };
		3631152B2221A87C005DC2B5 /* Main.storyboard in Resources */ = {isa = PBXBuildFile; fileRef = 363115292221A87C005DC2B5 /* Main.storyboard */; };
		3631152D2221A87D005DC2B5 /* Assets.xcassets in Resources */ = {isa = PBXBuildFile; fileRef = 3631152C2221A87D005DC2B5 /* Assets.xcassets */; };
		363115302221A87D005DC2B5 /* LaunchScreen.storyboard in Resources */ = {isa = PBXBuildFile; fileRef = 3631152E2221A87D005DC2B5 /* LaunchScreen.storyboard */; };
/* End PBXBuildFile section */

/* Begin PBXFileReference section */
		1B0A114EE5EE18B31CAAE880 /* Users.swift */ = {isa = PBXFileReference; fileEncoding = 4; lastKnownFileType = sourcecode.swift; name = Users.swift; path = logic/Users.swift; sourceTree = "<group>"; };
		1B0A13FE310EB13EDEEB40AC /* User.swift */ = {isa = PBXFileReference; fileEncoding = 4; lastKnownFileType = sourcecode.swift; name = User.swift; path = model/User.swift; sourceTree = "<group>"; };
		1B0A14CBC8D2C675EAE8D9BE /* DictTableViewController.swift */ = {isa = PBXFileReference; fileEncoding = 4; lastKnownFileType = sourcecode.swift; name = DictTableViewController.swift; path = ui/DictTableViewController.swift; sourceTree = "<group>"; };
		1B0A16A45CE71B5C7A22742C /* HttpConnection.swift */ = {isa = PBXFileReference; fileEncoding = 4; lastKnownFileType = sourcecode.swift; name = HttpConnection.swift; path = server/HttpConnection.swift; sourceTree = "<group>"; };
		1B0A16B263F94795EB627696 /* CartTableViewController.swift */ = {isa = PBXFileReference; fileEncoding = 4; lastKnownFileType = sourcecode.swift; name = CartTableViewController.swift; path = ui/CartTableViewController.swift; sourceTree = "<group>"; };
		1B0A16F5A0D27C54139FCB49 /* PurchasesTableViewController.swift */ = {isa = PBXFileReference; fileEncoding = 4; lastKnownFileType = sourcecode.swift; name = PurchasesTableViewController.swift; path = ui/PurchasesTableViewController.swift; sourceTree = "<group>"; };
		1B0A17224E1EC7329291EE38 /* Purchases.swift */ = {isa = PBXFileReference; fileEncoding = 4; lastKnownFileType = sourcecode.swift; name = Purchases.swift; path = logic/Purchases.swift; sourceTree = "<group>"; };
		1B0A1887773C9AA47A552ADE /* Purchase.swift */ = {isa = PBXFileReference; fileEncoding = 4; lastKnownFileType = sourcecode.swift; name = Purchase.swift; path = model/Purchase.swift; sourceTree = "<group>"; };
		1B0A18DE7D600E49DE8A360A /* ShopTableViewController.swift */ = {isa = PBXFileReference; fileEncoding = 4; lastKnownFileType = sourcecode.swift; name = ShopTableViewController.swift; path = ui/ShopTableViewController.swift; sourceTree = "<group>"; };
		1B0A19B4BE572B25D59E5583 /* Items.swift */ = {isa = PBXFileReference; fileEncoding = 4; lastKnownFileType = sourcecode.swift; name = Items.swift; path = logic/Items.swift; sourceTree = "<group>"; };
		1B0A19DC72237BCE441F393A /* Item.swift */ = {isa = PBXFileReference; fileEncoding = 4; lastKnownFileType = sourcecode.swift; name = Item.swift; path = model/Item.swift; sourceTree = "<group>"; };
		1B0A1C19E5BD6E5FB1FDF45D /* Session.swift */ = {isa = PBXFileReference; fileEncoding = 4; lastKnownFileType = sourcecode.swift; name = Session.swift; path = logic/Session.swift; sourceTree = "<group>"; };
		1B0A1D0EBDBE919673605384 /* UsersTableViewController.swift */ = {isa = PBXFileReference; fileEncoding = 4; lastKnownFileType = sourcecode.swift; name = UsersTableViewController.swift; path = ui/UsersTableViewController.swift; sourceTree = "<group>"; };
		1B0A1DE9802FA34DC3BE4602 /* Cart.swift */ = {isa = PBXFileReference; fileEncoding = 4; lastKnownFileType = sourcecode.swift; name = Cart.swift; path = logic/Cart.swift; sourceTree = "<group>"; };
		1B0A1E8A6DB06EE099DD4DFC /* JSONTranslator.swift */ = {isa = PBXFileReference; fileEncoding = 4; lastKnownFileType = sourcecode.swift; name = JSONTranslator.swift; path = model/JSONTranslator.swift; sourceTree = "<group>"; };
		1B0A1EF8EE5545B9D4B94297 /* KitchenAPI.swift */ = {isa = PBXFileReference; fileEncoding = 4; lastKnownFileType = sourcecode.swift; name = KitchenAPI.swift; path = server/KitchenAPI.swift; sourceTree = "<group>"; };
		360B523B2221ECF600B842A0 /* SignupViewController.swift */ = {isa = PBXFileReference; lastKnownFileType = sourcecode.swift; name = SignupViewController.swift; path = ui/SignupViewController.swift; sourceTree = "<group>"; };
		363115202221A87B005DC2B5 /* ComTec-Kitchen.app */ = {isa = PBXFileReference; explicitFileType = wrapper.application; includeInIndex = 0; path = "ComTec-Kitchen.app"; sourceTree = BUILT_PRODUCTS_DIR; };
		363115232221A87B005DC2B5 /* AppDelegate.swift */ = {isa = PBXFileReference; lastKnownFileType = sourcecode.swift; path = AppDelegate.swift; sourceTree = "<group>"; };
		3631152A2221A87C005DC2B5 /* Base */ = {isa = PBXFileReference; lastKnownFileType = file.storyboard; name = Base; path = Base.lproj/Main.storyboard; sourceTree = "<group>"; };
		3631152C2221A87D005DC2B5 /* Assets.xcassets */ = {isa = PBXFileReference; lastKnownFileType = folder.assetcatalog; path = Assets.xcassets; sourceTree = "<group>"; };
		3631152F2221A87D005DC2B5 /* Base */ = {isa = PBXFileReference; lastKnownFileType = file.storyboard; name = Base; path = Base.lproj/LaunchScreen.storyboard; sourceTree = "<group>"; };
		363115312221A87D005DC2B5 /* Info.plist */ = {isa = PBXFileReference; lastKnownFileType = text.plist.xml; path = Info.plist; sourceTree = "<group>"; };
/* End PBXFileReference section */

/* Begin PBXFrameworksBuildPhase section */
		3631151D2221A87B005DC2B5 /* Frameworks */ = {
			isa = PBXFrameworksBuildPhase;
			buildActionMask = 2147483647;
			files = (
			);
			runOnlyForDeploymentPostprocessing = 0;
		};
/* End PBXFrameworksBuildPhase section */

/* Begin PBXGroup section */
		363115172221A87B005DC2B5 = {
			isa = PBXGroup;
			children = (
				363115222221A87B005DC2B5 /* ComTec-Kitchen */,
				363115212221A87B005DC2B5 /* Products */,
			);
			sourceTree = "<group>";
		};
		363115212221A87B005DC2B5 /* Products */ = {
			isa = PBXGroup;
			children = (
				363115202221A87B005DC2B5 /* ComTec-Kitchen.app */,
			);
			name = Products;
			sourceTree = "<group>";
		};
		363115222221A87B005DC2B5 /* ComTec-Kitchen */ = {
			isa = PBXGroup;
			children = (
				363115232221A87B005DC2B5 /* AppDelegate.swift */,
				363115292221A87C005DC2B5 /* Main.storyboard */,
				3631152C2221A87D005DC2B5 /* Assets.xcassets */,
				3631152E2221A87D005DC2B5 /* LaunchScreen.storyboard */,
				363115312221A87D005DC2B5 /* Info.plist */,
				1B0A19DC72237BCE441F393A /* Item.swift */,
				1B0A19B4BE572B25D59E5583 /* Items.swift */,
				1B0A1EF8EE5545B9D4B94297 /* KitchenAPI.swift */,
				1B0A16A45CE71B5C7A22742C /* HttpConnection.swift */,
				1B0A1E8A6DB06EE099DD4DFC /* JSONTranslator.swift */,
				1B0A1C19E5BD6E5FB1FDF45D /* Session.swift */,
				1B0A13FE310EB13EDEEB40AC /* User.swift */,
				1B0A114EE5EE18B31CAAE880 /* Users.swift */,
				1B0A18DE7D600E49DE8A360A /* ShopTableViewController.swift */,
				360B523B2221ECF600B842A0 /* SignupViewController.swift */,
				1B0A1D0EBDBE919673605384 /* UsersTableViewController.swift */,
				1B0A1DE9802FA34DC3BE4602 /* Cart.swift */,
				1B0A1887773C9AA47A552ADE /* Purchase.swift */,
				1B0A17224E1EC7329291EE38 /* Purchases.swift */,
				1B0A16F5A0D27C54139FCB49 /* PurchasesTableViewController.swift */,
				1B0A14CBC8D2C675EAE8D9BE /* DictTableViewController.swift */,
				1B0A16B263F94795EB627696 /* CartTableViewController.swift */,
			);
			path = "ComTec-Kitchen";
			sourceTree = "<group>";
		};
/* End PBXGroup section */

/* Begin PBXNativeTarget section */
		3631151F2221A87B005DC2B5 /* ComTec-Kitchen */ = {
			isa = PBXNativeTarget;
			buildConfigurationList = 363115342221A87D005DC2B5 /* Build configuration list for PBXNativeTarget "ComTec-Kitchen" */;
			buildPhases = (
				3631151C2221A87B005DC2B5 /* Sources */,
				3631151D2221A87B005DC2B5 /* Frameworks */,
				3631151E2221A87B005DC2B5 /* Resources */,
			);
			buildRules = (
			);
			dependencies = (
			);
			name = "ComTec-Kitchen";
			productName = "ComTec-Kitchen";
			productReference = 363115202221A87B005DC2B5 /* ComTec-Kitchen.app */;
			productType = "com.apple.product-type.application";
		};
/* End PBXNativeTarget section */

/* Begin PBXProject section */
		363115182221A87B005DC2B5 /* Project object */ = {
			isa = PBXProject;
			attributes = {
				LastSwiftUpdateCheck = 1010;
				LastUpgradeCheck = 1010;
				ORGANIZATIONNAME = Clashsoft;
				TargetAttributes = {
					3631151F2221A87B005DC2B5 = {
						CreatedOnToolsVersion = 10.1;
					};
				};
			};
			buildConfigurationList = 3631151B2221A87B005DC2B5 /* Build configuration list for PBXProject "ComTec-Kitchen" */;
			compatibilityVersion = "Xcode 9.3";
			developmentRegion = en;
			hasScannedForEncodings = 0;
			knownRegions = (
				en,
				Base,
			);
			mainGroup = 363115172221A87B005DC2B5;
			productRefGroup = 363115212221A87B005DC2B5 /* Products */;
			projectDirPath = "";
			projectRoot = "";
			targets = (
				3631151F2221A87B005DC2B5 /* ComTec-Kitchen */,
			);
		};
/* End PBXProject section */

/* Begin PBXResourcesBuildPhase section */
		3631151E2221A87B005DC2B5 /* Resources */ = {
			isa = PBXResourcesBuildPhase;
			buildActionMask = 2147483647;
			files = (
				363115302221A87D005DC2B5 /* LaunchScreen.storyboard in Resources */,
				3631152D2221A87D005DC2B5 /* Assets.xcassets in Resources */,
				3631152B2221A87C005DC2B5 /* Main.storyboard in Resources */,
			);
			runOnlyForDeploymentPostprocessing = 0;
		};
/* End PBXResourcesBuildPhase section */

/* Begin PBXSourcesBuildPhase section */
		3631151C2221A87B005DC2B5 /* Sources */ = {
			isa = PBXSourcesBuildPhase;
			buildActionMask = 2147483647;
			files = (
				363115242221A87B005DC2B5 /* AppDelegate.swift in Sources */,
				1B0A1C45155DFA3FD46872E0 /* Item.swift in Sources */,
				360B523C2221ECF600B842A0 /* SignupViewController.swift in Sources */,
				1B0A1485F08653ED38822D5B /* Items.swift in Sources */,
				1B0A106766B73A9C58FB5BC2 /* KitchenAPI.swift in Sources */,
				1B0A15026BACF135BFF0FFD2 /* HttpConnection.swift in Sources */,
				1B0A141424DCEB49839FE56D /* JSONTranslator.swift in Sources */,
				1B0A1C894F7D07A663BCBDE1 /* Session.swift in Sources */,
				1B0A166C5F9F6781068D9490 /* User.swift in Sources */,
				1B0A153FFA0D2F2271CC44EB /* Users.swift in Sources */,
				1B0A1211D4ACD50DB4852EFB /* ShopTableViewController.swift in Sources */,
				1B0A11FC1859E76CA04C9F15 /* UsersTableViewController.swift in Sources */,
				1B0A13C916D919E7E845CA5E /* Cart.swift in Sources */,
				1B0A1AF29BC1FBF858ACF087 /* Purchase.swift in Sources */,
				1B0A165793AA3A9B4146DE74 /* Purchases.swift in Sources */,
				1B0A10A13781BB7083E8D76B /* PurchasesTableViewController.swift in Sources */,
				1B0A114EDCE38F60C597DB8F /* DictTableViewController.swift in Sources */,
				1B0A14A297815B0503A6FEDD /* CartTableViewController.swift in Sources */,
			);
			runOnlyForDeploymentPostprocessing = 0;
		};
/* End PBXSourcesBuildPhase section */

/* Begin PBXVariantGroup section */
		363115292221A87C005DC2B5 /* Main.storyboard */ = {
			isa = PBXVariantGroup;
			children = (
				3631152A2221A87C005DC2B5 /* Base */,
			);
			name = Main.storyboard;
			sourceTree = "<group>";
		};
		3631152E2221A87D005DC2B5 /* LaunchScreen.storyboard */ = {
			isa = PBXVariantGroup;
			children = (
				3631152F2221A87D005DC2B5 /* Base */,
			);
			name = LaunchScreen.storyboard;
			sourceTree = "<group>";
		};
/* End PBXVariantGroup section */

/* Begin XCBuildConfiguration section */
		363115322221A87D005DC2B5 /* Debug */ = {
			isa = XCBuildConfiguration;
			buildSettings = {
				ALWAYS_SEARCH_USER_PATHS = NO;
				CLANG_ANALYZER_NONNULL = YES;
				CLANG_ANALYZER_NUMBER_OBJECT_CONVERSION = YES_AGGRESSIVE;
				CLANG_CXX_LANGUAGE_STANDARD = "gnu++14";
				CLANG_CXX_LIBRARY = "libc++";
				CLANG_ENABLE_MODULES = YES;
				CLANG_ENABLE_OBJC_ARC = YES;
				CLANG_ENABLE_OBJC_WEAK = YES;
				CLANG_WARN_BLOCK_CAPTURE_AUTORELEASING = YES;
				CLANG_WARN_BOOL_CONVERSION = YES;
				CLANG_WARN_COMMA = YES;
				CLANG_WARN_CONSTANT_CONVERSION = YES;
				CLANG_WARN_DEPRECATED_OBJC_IMPLEMENTATIONS = YES;
				CLANG_WARN_DIRECT_OBJC_ISA_USAGE = YES_ERROR;
				CLANG_WARN_DOCUMENTATION_COMMENTS = YES;
				CLANG_WARN_EMPTY_BODY = YES;
				CLANG_WARN_ENUM_CONVERSION = YES;
				CLANG_WARN_INFINITE_RECURSION = YES;
				CLANG_WARN_INT_CONVERSION = YES;
				CLANG_WARN_NON_LITERAL_NULL_CONVERSION = YES;
				CLANG_WARN_OBJC_IMPLICIT_RETAIN_SELF = YES;
				CLANG_WARN_OBJC_LITERAL_CONVERSION = YES;
				CLANG_WARN_OBJC_ROOT_CLASS = YES_ERROR;
				CLANG_WARN_RANGE_LOOP_ANALYSIS = YES;
				CLANG_WARN_STRICT_PROTOTYPES = YES;
				CLANG_WARN_SUSPICIOUS_MOVE = YES;
				CLANG_WARN_UNGUARDED_AVAILABILITY = YES_AGGRESSIVE;
				CLANG_WARN_UNREACHABLE_CODE = YES;
				CLANG_WARN__DUPLICATE_METHOD_MATCH = YES;
				CODE_SIGN_IDENTITY = "iPhone Developer";
				COPY_PHASE_STRIP = NO;
				DEBUG_INFORMATION_FORMAT = dwarf;
				ENABLE_STRICT_OBJC_MSGSEND = YES;
				ENABLE_TESTABILITY = YES;
				GCC_C_LANGUAGE_STANDARD = gnu11;
				GCC_DYNAMIC_NO_PIC = NO;
				GCC_NO_COMMON_BLOCKS = YES;
				GCC_OPTIMIZATION_LEVEL = 0;
				GCC_PREPROCESSOR_DEFINITIONS = (
					"DEBUG=1",
					"$(inherited)",
				);
				GCC_WARN_64_TO_32_BIT_CONVERSION = YES;
				GCC_WARN_ABOUT_RETURN_TYPE = YES_ERROR;
				GCC_WARN_UNDECLARED_SELECTOR = YES;
				GCC_WARN_UNINITIALIZED_AUTOS = YES_AGGRESSIVE;
				GCC_WARN_UNUSED_FUNCTION = YES;
				GCC_WARN_UNUSED_VARIABLE = YES;
				IPHONEOS_DEPLOYMENT_TARGET = 12.1;
				MTL_ENABLE_DEBUG_INFO = INCLUDE_SOURCE;
				MTL_FAST_MATH = YES;
				ONLY_ACTIVE_ARCH = YES;
				SDKROOT = iphoneos;
				SWIFT_ACTIVE_COMPILATION_CONDITIONS = DEBUG;
				SWIFT_OPTIMIZATION_LEVEL = "-Onone";
			};
			name = Debug;
		};
		363115332221A87D005DC2B5 /* Release */ = {
			isa = XCBuildConfiguration;
			buildSettings = {
				ALWAYS_SEARCH_USER_PATHS = NO;
				CLANG_ANALYZER_NONNULL = YES;
				CLANG_ANALYZER_NUMBER_OBJECT_CONVERSION = YES_AGGRESSIVE;
				CLANG_CXX_LANGUAGE_STANDARD = "gnu++14";
				CLANG_CXX_LIBRARY = "libc++";
				CLANG_ENABLE_MODULES = YES;
				CLANG_ENABLE_OBJC_ARC = YES;
				CLANG_ENABLE_OBJC_WEAK = YES;
				CLANG_WARN_BLOCK_CAPTURE_AUTORELEASING = YES;
				CLANG_WARN_BOOL_CONVERSION = YES;
				CLANG_WARN_COMMA = YES;
				CLANG_WARN_CONSTANT_CONVERSION = YES;
				CLANG_WARN_DEPRECATED_OBJC_IMPLEMENTATIONS = YES;
				CLANG_WARN_DIRECT_OBJC_ISA_USAGE = YES_ERROR;
				CLANG_WARN_DOCUMENTATION_COMMENTS = YES;
				CLANG_WARN_EMPTY_BODY = YES;
				CLANG_WARN_ENUM_CONVERSION = YES;
				CLANG_WARN_INFINITE_RECURSION = YES;
				CLANG_WARN_INT_CONVERSION = YES;
				CLANG_WARN_NON_LITERAL_NULL_CONVERSION = YES;
				CLANG_WARN_OBJC_IMPLICIT_RETAIN_SELF = YES;
				CLANG_WARN_OBJC_LITERAL_CONVERSION = YES;
				CLANG_WARN_OBJC_ROOT_CLASS = YES_ERROR;
				CLANG_WARN_RANGE_LOOP_ANALYSIS = YES;
				CLANG_WARN_STRICT_PROTOTYPES = YES;
				CLANG_WARN_SUSPICIOUS_MOVE = YES;
				CLANG_WARN_UNGUARDED_AVAILABILITY = YES_AGGRESSIVE;
				CLANG_WARN_UNREACHABLE_CODE = YES;
				CLANG_WARN__DUPLICATE_METHOD_MATCH = YES;
				CODE_SIGN_IDENTITY = "iPhone Developer";
				COPY_PHASE_STRIP = NO;
				DEBUG_INFORMATION_FORMAT = "dwarf-with-dsym";
				ENABLE_NS_ASSERTIONS = NO;
				ENABLE_STRICT_OBJC_MSGSEND = YES;
				GCC_C_LANGUAGE_STANDARD = gnu11;
				GCC_NO_COMMON_BLOCKS = YES;
				GCC_WARN_64_TO_32_BIT_CONVERSION = YES;
				GCC_WARN_ABOUT_RETURN_TYPE = YES_ERROR;
				GCC_WARN_UNDECLARED_SELECTOR = YES;
				GCC_WARN_UNINITIALIZED_AUTOS = YES_AGGRESSIVE;
				GCC_WARN_UNUSED_FUNCTION = YES;
				GCC_WARN_UNUSED_VARIABLE = YES;
				IPHONEOS_DEPLOYMENT_TARGET = 12.1;
				MTL_ENABLE_DEBUG_INFO = NO;
				MTL_FAST_MATH = YES;
				SDKROOT = iphoneos;
				SWIFT_COMPILATION_MODE = wholemodule;
				SWIFT_OPTIMIZATION_LEVEL = "-O";
				VALIDATE_PRODUCT = YES;
			};
			name = Release;
		};
		363115352221A87D005DC2B5 /* Debug */ = {
			isa = XCBuildConfiguration;
			buildSettings = {
				ASSETCATALOG_COMPILER_APPICON_NAME = AppIcon;
				CODE_SIGN_STYLE = Automatic;
				DEVELOPMENT_TEAM = 7V9HGVS3Y4;
				INFOPLIST_FILE = "ComTec-Kitchen/Info.plist";
				LD_RUNPATH_SEARCH_PATHS = (
					"$(inherited)",
					"@executable_path/Frameworks",
				);
				PRODUCT_BUNDLE_IDENTIFIER = "de.clashsoft.ComTec-Kitchen";
				PRODUCT_NAME = "$(TARGET_NAME)";
				SWIFT_VERSION = 4.2;
				TARGETED_DEVICE_FAMILY = "1,2";
			};
			name = Debug;
		};
		363115362221A87D005DC2B5 /* Release */ = {
			isa = XCBuildConfiguration;
			buildSettings = {
				ASSETCATALOG_COMPILER_APPICON_NAME = AppIcon;
				CODE_SIGN_STYLE = Automatic;
				DEVELOPMENT_TEAM = 7V9HGVS3Y4;
				INFOPLIST_FILE = "ComTec-Kitchen/Info.plist";
				LD_RUNPATH_SEARCH_PATHS = (
					"$(inherited)",
					"@executable_path/Frameworks",
				);
				PRODUCT_BUNDLE_IDENTIFIER = "de.clashsoft.ComTec-Kitchen";
				PRODUCT_NAME = "$(TARGET_NAME)";
				SWIFT_VERSION = 4.2;
				TARGETED_DEVICE_FAMILY = "1,2";
			};
			name = Release;
		};
/* End XCBuildConfiguration section */

/* Begin XCConfigurationList section */
		3631151B2221A87B005DC2B5 /* Build configuration list for PBXProject "ComTec-Kitchen" */ = {
			isa = XCConfigurationList;
			buildConfigurations = (
				363115322221A87D005DC2B5 /* Debug */,
				363115332221A87D005DC2B5 /* Release */,
			);
			defaultConfigurationIsVisible = 0;
			defaultConfigurationName = Release;
		};
		363115342221A87D005DC2B5 /* Build configuration list for PBXNativeTarget "ComTec-Kitchen" */ = {
			isa = XCConfigurationList;
			buildConfigurations = (
				363115352221A87D005DC2B5 /* Debug */,
				363115362221A87D005DC2B5 /* Release */,
			);
			defaultConfigurationIsVisible = 0;
			defaultConfigurationName = Release;
		};
/* End XCConfigurationList section */
	};
	rootObject = 363115182221A87B005DC2B5 /* Project object */;
}
